
Microsoft Visual Studio Solution File, Format Version 12.00
# Visual Studio Version 16
VisualStudioVersion = 16.0.29424.173
MinimumVisualStudioVersion = 10.0.40219.1
Project("{8BC9CEB8-8B4A-11D0-8D11-00A0C91BC942}") = "laba3-OOP", "laba3-OOP\laba3-OOP.vcxproj", "{5600BF56-FB41-46B4-894E-BAF39824EACC}"
EndProject
Global
	GlobalSection(SolutionConfigurationPlatforms) = preSolution
		Debug|x64 = Debug|x64
		Debug|x86 = Debug|x86
		Release|x64 = Release|x64
		Release|x86 = Release|x86
	EndGlobalSection
	GlobalSection(ProjectConfigurationPlatforms) = postSolution
		{5600BF56-FB41-46B4-894E-BAF39824EACC}.Debug|x64.ActiveCfg = Debug|x64
		{5600BF56-FB41-46B4-894E-BAF39824EACC}.Debug|x64.Build.0 = Debug|x64
		{5600BF56-FB41-46B4-894E-BAF39824EACC}.Debug|x86.ActiveCfg = Debug|Win32
		{5600BF56-FB41-46B4-894E-BAF39824EACC}.Debug|x86.Build.0 = Debug|Win32
		{5600BF56-FB41-46B4-894E-BAF39824EACC}.Release|x64.ActiveCfg = Release|x64
		{5600BF56-FB41-46B4-894E-BAF39824EACC}.Release|x64.Build.0 = Release|x64
		{5600BF56-FB41-46B4-894E-BAF39824EACC}.Release|x86.ActiveCfg = Release|Win32
		{5600BF56-FB41-46B4-894E-BAF39824EACC}.Release|x86.Build.0 = Release|Win32
	EndGlobalSection
	GlobalSection(SolutionProperties) = preSolution
		HideSolutionNode = FALSE
	EndGlobalSection
	GlobalSection(ExtensibilityGlobals) = postSolution
		SolutionGuid = {38099F8A-6B7B-4C44-B52A-EA4CB5173C87}
	EndGlobalSection
EndGlobal
